
Microsoft Visual Studio Solution File, Format Version 12.00
# Visual Studio 2013
VisualStudioVersion = 12.0.21005.1
MinimumVisualStudioVersion = 10.0.40219.1
Project("{E24C65DC-7377-472B-9ABA-BC803B73C61A}") = "ReportingPortal", "http://localhost:49317", "{633E93CA-0789-4DCC-B5BC-4A391CE7EA84}"
	ProjectSection(WebsiteProperties) = preProject
		UseIISExpress = "true"
		TargetFrameworkMoniker = ".NETFramework,Version%3Dv4.5"
		Debug.AspNetCompiler.VirtualPath = "/localhost_49317"
		Debug.AspNetCompiler.PhysicalPath = "ReportingPortal\"
		Debug.AspNetCompiler.TargetPath = "PrecompiledWeb\localhost_49317\"
		Debug.AspNetCompiler.Updateable = "true"
		Debug.AspNetCompiler.ForceOverwrite = "true"
		Debug.AspNetCompiler.FixedNames = "false"
		Debug.AspNetCompiler.Debug = "True"
		Release.AspNetCompiler.VirtualPath = "/localhost_49317"
		Release.AspNetCompiler.PhysicalPath = "ReportingPortal\"
		Release.AspNetCompiler.TargetPath = "PrecompiledWeb\localhost_49317\"
		Release.AspNetCompiler.Updateable = "true"
		Release.AspNetCompiler.ForceOverwrite = "true"
		Release.AspNetCompiler.FixedNames = "false"
		Release.AspNetCompiler.Debug = "False"
		SlnRelativePath = "ReportingPortal\"
	EndProjectSection
EndProject
Project("{FAE04EC0-301F-11D3-BF4B-00C04F79EFBC}") = "ReportingPortalApi", "ReportingPortalApi\ReportingPortalApi.csproj", "{41922FAD-C083-4500-9F28-F44C301B20BA}"
EndProject
Project("{2150E333-8FDC-42A3-9474-1A3956D46DE8}") = ".nuget", ".nuget", "{75F673BF-714A-4E77-BC54-E5716D7DB5D6}"
	ProjectSection(SolutionItems) = preProject
		.nuget\NuGet.Config = .nuget\NuGet.Config
		.nuget\NuGet.exe = .nuget\NuGet.exe
		.nuget\NuGet.targets = .nuget\NuGet.targets
	EndProjectSection
EndProject
Global
	GlobalSection(SolutionConfigurationPlatforms) = preSolution
		Debug|Any CPU = Debug|Any CPU
		Release|Any CPU = Release|Any CPU
	EndGlobalSection
	GlobalSection(ProjectConfigurationPlatforms) = postSolution
		{633E93CA-0789-4DCC-B5BC-4A391CE7EA84}.Debug|Any CPU.ActiveCfg = Debug|Any CPU
		{633E93CA-0789-4DCC-B5BC-4A391CE7EA84}.Debug|Any CPU.Build.0 = Debug|Any CPU
		{633E93CA-0789-4DCC-B5BC-4A391CE7EA84}.Release|Any CPU.ActiveCfg = Debug|Any CPU
		{633E93CA-0789-4DCC-B5BC-4A391CE7EA84}.Release|Any CPU.Build.0 = Debug|Any CPU
		{41922FAD-C083-4500-9F28-F44C301B20BA}.Debug|Any CPU.ActiveCfg = Debug|Any CPU
		{41922FAD-C083-4500-9F28-F44C301B20BA}.Debug|Any CPU.Build.0 = Debug|Any CPU
		{41922FAD-C083-4500-9F28-F44C301B20BA}.Release|Any CPU.ActiveCfg = Release|Any CPU
		{41922FAD-C083-4500-9F28-F44C301B20BA}.Release|Any CPU.Build.0 = Release|Any CPU
	EndGlobalSection
	GlobalSection(SolutionProperties) = preSolution
		HideSolutionNode = FALSE
	EndGlobalSection
EndGlobal
